
Microsoft Visual Studio Solution File, Format Version 12.00
# Visual Studio Version 16
VisualStudioVersion = 16.0.30114.105
MinimumVisualStudioVersion = 10.0.40219.1
Project("{FAE04EC0-301F-11D3-BF4B-00C04F79EFBC}") = "Tasks2", "Tasks2.csproj", "{ACD7A4DC-9F0F-4F9F-A0E5-32F4B7132130}"
EndProject
Global
	GlobalSection(SolutionConfigurationPlatforms) = preSolution
		Debug|Any CPU = Debug|Any CPU
		Release|Any CPU = Release|Any CPU
	EndGlobalSection
	GlobalSection(ProjectConfigurationPlatforms) = postSolution
		{ACD7A4DC-9F0F-4F9F-A0E5-32F4B7132130}.Debug|Any CPU.ActiveCfg = Debug|Any CPU
		{ACD7A4DC-9F0F-4F9F-A0E5-32F4B7132130}.Debug|Any CPU.Build.0 = Debug|Any CPU
		{ACD7A4DC-9F0F-4F9F-A0E5-32F4B7132130}.Release|Any CPU.ActiveCfg = Release|Any CPU
		{ACD7A4DC-9F0F-4F9F-A0E5-32F4B7132130}.Release|Any CPU.Build.0 = Release|Any CPU
	EndGlobalSection
	GlobalSection(SolutionProperties) = preSolution
		HideSolutionNode = FALSE
	EndGlobalSection
	GlobalSection(ExtensibilityGlobals) = postSolution
		SolutionGuid = {0E050193-1235-4439-8968-A53E7EE7B4A4}
	EndGlobalSection
EndGlobal
